{
    "version": 3,
    "terraform_version": "0.11.8",
    "serial": 6,
    "lineage": "8e4f4167-9428-e3bf-2eed-09ba070512de",
    "modules": [
        {
            "path": [
                "root"
            ],
            "outputs": {},
            "resources": {
                "data.oci_core_images.TFSupportedShapeImages": {
                    "type": "oci_core_images",
                    "depends_on": [],
                    "primary": {
                        "id": "2018-09-30 20:36:36.2435428 +0000 UTC",
                        "attributes": {
                            "compartment_id": "ocid1.tenancy.oc1..aaaaaaaajccl7okjwfkjp5t4dxdvzjyzixvpiyoo45xaxwtzl226czz6gfsq",
                            "id": "2018-09-30 20:36:36.2435428 +0000 UTC",
                            "images.#": "3",
                            "images.0.base_image_id": "",
                            "images.0.compartment_id": "",
                            "images.0.create_image_allowed": "true",
                            "images.0.defined_tags.%": "0",
                            "images.0.display_name": "Oracle-Linux-7.5-2018.09.25-0",
                            "images.0.freeform_tags.%": "0",
                            "images.0.id": "ocid1.image.oc1.iad.aaaaaaaaiu73xa6afjzskjwvt3j5shpmboxtlo7yw4xpeqpdz5czpde7px2a",
                            "images.0.image_source_details.#": "0",
                            "images.0.instance_id": "",
                            "images.0.launch_mode": "NATIVE",
                            "images.0.launch_options.#": "1",
                            "images.0.launch_options.0.boot_volume_type": "ISCSI",
                            "images.0.launch_options.0.firmware": "UEFI_64",
                            "images.0.launch_options.0.network_type": "VFIO",
                            "images.0.launch_options.0.remote_data_volume_type": "PARAVIRTUALIZED",
                            "images.0.operating_system": "Oracle Linux",
                            "images.0.operating_system_version": "7.5",
                            "images.0.size_in_mbs": "47694",
                            "images.0.state": "AVAILABLE",
                            "images.0.time_created": "2018-09-26 13:00:54.49 +0000 UTC",
                            "images.1.base_image_id": "",
                            "images.1.compartment_id": "",
                            "images.1.create_image_allowed": "true",
                            "images.1.defined_tags.%": "0",
                            "images.1.display_name": "Oracle-Linux-7.5-2018.08.14-0",
                            "images.1.freeform_tags.%": "0",
                            "images.1.id": "ocid1.image.oc1.iad.aaaaaaaa2tq67tvbeavcmioghquci6p3pvqwbneq3vfy7fe7m7geiga4cnxa",
                            "images.1.image_source_details.#": "0",
                            "images.1.instance_id": "",
                            "images.1.launch_mode": "NATIVE",
                            "images.1.launch_options.#": "1",
                            "images.1.launch_options.0.boot_volume_type": "ISCSI",
                            "images.1.launch_options.0.firmware": "UEFI_64",
                            "images.1.launch_options.0.network_type": "VFIO",
                            "images.1.launch_options.0.remote_data_volume_type": "PARAVIRTUALIZED",
                            "images.1.operating_system": "Oracle Linux",
                            "images.1.operating_system_version": "7.5",
                            "images.1.size_in_mbs": "47694",
                            "images.1.state": "AVAILABLE",
                            "images.1.time_created": "2018-08-14 06:29:24.414 +0000 UTC",
                            "images.2.base_image_id": "",
                            "images.2.compartment_id": "",
                            "images.2.create_image_allowed": "true",
                            "images.2.defined_tags.%": "0",
                            "images.2.display_name": "Oracle-Linux-7.5-2018.07.20-0",
                            "images.2.freeform_tags.%": "0",
                            "images.2.id": "ocid1.image.oc1.iad.aaaaaaaagqwnrno6c35vplndep6hu5gevyiqqag37muue3ich7g6tbs5aq4q",
                            "images.2.image_source_details.#": "0",
                            "images.2.instance_id": "",
                            "images.2.launch_mode": "NATIVE",
                            "images.2.launch_options.#": "1",
                            "images.2.launch_options.0.boot_volume_type": "ISCSI",
                            "images.2.launch_options.0.firmware": "UEFI_64",
                            "images.2.launch_options.0.network_type": "VFIO",
                            "images.2.launch_options.0.remote_data_volume_type": "PARAVIRTUALIZED",
                            "images.2.operating_system": "Oracle Linux",
                            "images.2.operating_system_version": "7.5",
                            "images.2.size_in_mbs": "47694",
                            "images.2.state": "AVAILABLE",
                            "images.2.time_created": "2018-07-23 15:26:41.762 +0000 UTC",
                            "operating_system": "Oracle Linux",
                            "operating_system_version": "7.5",
                            "shape": "VM.Standard1.1"
                        },
                        "meta": {},
                        "tainted": false
                    },
                    "deposed": [],
                    "provider": "provider.oci"
                },
                "data.oci_identity_availability_domains.ADs": {
                    "type": "oci_identity_availability_domains",
                    "depends_on": [],
                    "primary": {
                        "id": "2018-09-30 20:36:36.1265819 +0000 UTC",
                        "attributes": {
                            "availability_domains.#": "3",
                            "availability_domains.0.compartment_id": "ocid1.tenancy.oc1..aaaaaaaajccl7okjwfkjp5t4dxdvzjyzixvpiyoo45xaxwtzl226czz6gfsq",
                            "availability_domains.0.name": "RNnO:US-ASHBURN-AD-1",
                            "availability_domains.1.compartment_id": "ocid1.tenancy.oc1..aaaaaaaajccl7okjwfkjp5t4dxdvzjyzixvpiyoo45xaxwtzl226czz6gfsq",
                            "availability_domains.1.name": "RNnO:US-ASHBURN-AD-2",
                            "availability_domains.2.compartment_id": "ocid1.tenancy.oc1..aaaaaaaajccl7okjwfkjp5t4dxdvzjyzixvpiyoo45xaxwtzl226czz6gfsq",
                            "availability_domains.2.name": "RNnO:US-ASHBURN-AD-3",
                            "compartment_id": "ocid1.tenancy.oc1..aaaaaaaajccl7okjwfkjp5t4dxdvzjyzixvpiyoo45xaxwtzl226czz6gfsq",
                            "id": "2018-09-30 20:36:36.1265819 +0000 UTC"
                        },
                        "meta": {},
                        "tainted": false
                    },
                    "deposed": [],
                    "provider": "provider.oci"
                },
                "oci_core_instance.PKInstance": {
                    "type": "oci_core_instance",
                    "depends_on": [
                        "oci_core_subnet.ExampleSubnet"
                    ],
                    "primary": {
                        "id": "ocid1.instance.oc1.iad.abuwcljtyfs7ay3hsr7wkkek2rrb6vh5qqmncinwbhefx2a7nu7bt6jxzoua",
                        "attributes": {
                            "availability_domain": "RNnO:US-ASHBURN-AD-1",
                            "boot_volume_id": "ocid1.bootvolume.oc1.iad.abuwcljtuhfx7ycpglhbqy3b7vpdslkddmx6nk6pebiserjjyw4a7vsmpoka",
                            "compartment_id": "ocid1.compartment.oc1..aaaaaaaa4qkenymfoumszv5gs2am6rsciozq7zvlirhmfw2riwuurv45cwua",
                            "create_vnic_details.#": "1",
                            "create_vnic_details.0.assign_public_ip": "true",
                            "create_vnic_details.0.defined_tags.%": "0",
                            "create_vnic_details.0.display_name": "primaryvnic",
                            "create_vnic_details.0.freeform_tags.%": "0",
                            "create_vnic_details.0.hostname_label": "tfexampleinstance",
                            "create_vnic_details.0.private_ip": "10.1.20.2",
                            "create_vnic_details.0.skip_source_dest_check": "false",
                            "create_vnic_details.0.subnet_id": "ocid1.subnet.oc1.iad.aaaaaaaadavbpzdspwtaqniykm4sctewttgevuao6oeeclfrpjba7yb4jerq",
                            "defined_tags.%": "0",
                            "display_name": "PKInstance",
                            "fault_domain": "FAULT-DOMAIN-2",
                            "freeform_tags.%": "0",
                            "hostname_label": "tfexampleinstance",
                            "id": "ocid1.instance.oc1.iad.abuwcljtyfs7ay3hsr7wkkek2rrb6vh5qqmncinwbhefx2a7nu7bt6jxzoua",
                            "image": "ocid1.image.oc1.iad.aaaaaaaaiu73xa6afjzskjwvt3j5shpmboxtlo7yw4xpeqpdz5czpde7px2a",
                            "launch_mode": "NATIVE",
                            "launch_options.#": "1",
                            "launch_options.0.boot_volume_type": "ISCSI",
                            "launch_options.0.firmware": "UEFI_64",
                            "launch_options.0.network_type": "VFIO",
                            "launch_options.0.remote_data_volume_type": "PARAVIRTUALIZED",
                            "metadata.%": "1",
                            "metadata.ssh_authorized_keys": "ssh-rsa AAAAB3NzaC1yc2EAAAADAQABAAABAQDG0ql5OG4ebaLZVzFDF5PiQ8vq2DMY241yPbrtisLmbK8rhq0V2jchRD8CkJzSu/kuIhHvpJEoLFlk7xMxaymvkvCh7DRr6+NK0efXrFq5D8qNy9H3rS/pCMQg3/P8IOTnBO+YP7JlcX93ohNDxYbdFxXaIRJj825yumMdzFf9D1vHVhquHxpnb+EfmPUp2aMtR+Xlw2iC64je3/5oMpvxpRZ2fbce72DXhW04goBk+kocG1hSgWtAYf/eLHN/zCgiXyLZB0MHY84qBl62xhwJLRxmcEduOYjEvtKcKMEQguQFli/rjeAM+8lnkk+PiH1Q9/dkDbgS1WK2VlqtVmm1 peter@PEKARLSS-SE",
                            "preserve_boot_volume": "true",
                            "private_ip": "10.1.20.2",
                            "public_ip": "129.213.164.71",
                            "region": "iad",
                            "shape": "VM.Standard1.1",
                            "source_details.#": "1",
                            "source_details.0.boot_volume_size_in_gbs": "",
                            "source_details.0.source_id": "ocid1.bootvolume.oc1.iad.abuwcljtuhfx7ycpglhbqy3b7vpdslkddmx6nk6pebiserjjyw4a7vsmpoka",
                            "source_details.0.source_type": "bootVolume",
                            "state": "RUNNING",
                            "subnet_id": "ocid1.subnet.oc1.iad.aaaaaaaadavbpzdspwtaqniykm4sctewttgevuao6oeeclfrpjba7yb4jerq",
                            "time_created": "2018-09-30 20:36:43.713 +0000 UTC"
                        },
                        "meta": {
                            "e2bfb730-ecaa-11e6-8f88-34363bc7c4c0": {
                                "create": 3600000000000,
                                "delete": 7200000000000,
                                "update": 7200000000000
                            }
                        },
                        "tainted": false
                    },
                    "deposed": [],
                    "provider": "provider.oci"
                },
                "oci_core_internet_gateway.ExampleIG": {
                    "type": "oci_core_internet_gateway",
                    "depends_on": [
                        "oci_core_virtual_network.ExampleVCN"
                    ],
                    "primary": {
                        "id": "ocid1.internetgateway.oc1.iad.aaaaaaaahbyu6v6qfipdu65lzg6mhzwsxaonzme7vdw4nyrup42rf6awrlnq",
                        "attributes": {
                            "compartment_id": "ocid1.compartment.oc1..aaaaaaaa4qkenymfoumszv5gs2am6rsciozq7zvlirhmfw2riwuurv45cwua",
                            "defined_tags.%": "0",
                            "display_name": "TFExampleIG",
                            "enabled": "true",
                            "freeform_tags.%": "0",
                            "id": "ocid1.internetgateway.oc1.iad.aaaaaaaahbyu6v6qfipdu65lzg6mhzwsxaonzme7vdw4nyrup42rf6awrlnq",
                            "state": "AVAILABLE",
                            "time_created": "2018-09-30 20:36:40.471 +0000 UTC",
                            "vcn_id": "ocid1.vcn.oc1.iad.aaaaaaaasd6yv36wuxnv4i36j2ap3emqfso5xvg5hoadk3fv6tzrilwpzaha"
                        },
                        "meta": {
                            "e2bfb730-ecaa-11e6-8f88-34363bc7c4c0": {
                                "create": 900000000000,
                                "delete": 900000000000,
                                "update": 900000000000
                            }
                        },
                        "tainted": false
                    },
                    "deposed": [],
                    "provider": "provider.oci"
                },
                "oci_core_route_table.ExampleRT": {
                    "type": "oci_core_route_table",
                    "depends_on": [
                        "oci_core_internet_gateway.ExampleIG",
                        "oci_core_virtual_network.ExampleVCN"
                    ],
                    "primary": {
                        "id": "ocid1.routetable.oc1.iad.aaaaaaaaynzddbkccnsj7cfw7h24sy5zizboipv2wezezvfungd4cvfvmdnq",
                        "attributes": {
                            "compartment_id": "ocid1.compartment.oc1..aaaaaaaa4qkenymfoumszv5gs2am6rsciozq7zvlirhmfw2riwuurv45cwua",
                            "defined_tags.%": "0",
                            "display_name": "TFExampleRouteTable",
                            "freeform_tags.%": "0",
                            "id": "ocid1.routetable.oc1.iad.aaaaaaaaynzddbkccnsj7cfw7h24sy5zizboipv2wezezvfungd4cvfvmdnq",
                            "route_rules.#": "1",
                            "route_rules.883254811.cidr_block": "0.0.0.0/0",
                            "route_rules.883254811.destination": "0.0.0.0/0",
                            "route_rules.883254811.destination_type": "CIDR_BLOCK",
                            "route_rules.883254811.network_entity_id": "ocid1.internetgateway.oc1.iad.aaaaaaaahbyu6v6qfipdu65lzg6mhzwsxaonzme7vdw4nyrup42rf6awrlnq",
                            "state": "AVAILABLE",
                            "time_created": "2018-09-30 20:36:40.903 +0000 UTC",
                            "vcn_id": "ocid1.vcn.oc1.iad.aaaaaaaasd6yv36wuxnv4i36j2ap3emqfso5xvg5hoadk3fv6tzrilwpzaha"
                        },
                        "meta": {
                            "e2bfb730-ecaa-11e6-8f88-34363bc7c4c0": {
                                "create": 900000000000,
                                "delete": 900000000000,
                                "update": 900000000000
                            }
                        },
                        "tainted": false
                    },
                    "deposed": [],
                    "provider": "provider.oci"
                },
                "oci_core_subnet.ExampleSubnet": {
                    "type": "oci_core_subnet",
                    "depends_on": [
                        "oci_core_route_table.ExampleRT",
                        "oci_core_virtual_network.ExampleVCN"
                    ],
                    "primary": {
                        "id": "ocid1.subnet.oc1.iad.aaaaaaaadavbpzdspwtaqniykm4sctewttgevuao6oeeclfrpjba7yb4jerq",
                        "attributes": {
                            "availability_domain": "RNnO:US-ASHBURN-AD-1",
                            "cidr_block": "10.1.20.0/24",
                            "compartment_id": "ocid1.compartment.oc1..aaaaaaaa4qkenymfoumszv5gs2am6rsciozq7zvlirhmfw2riwuurv45cwua",
                            "defined_tags.%": "0",
                            "dhcp_options_id": "ocid1.dhcpoptions.oc1.iad.aaaaaaaaz4n2okinuy3rnewxqf6z4ddhfydfbm24bhjw6ijr4jpowcpyjgfq",
                            "display_name": "TFExampleSubnet",
                            "dns_label": "tfexamplesubnet",
                            "freeform_tags.%": "0",
                            "id": "ocid1.subnet.oc1.iad.aaaaaaaadavbpzdspwtaqniykm4sctewttgevuao6oeeclfrpjba7yb4jerq",
                            "prohibit_public_ip_on_vnic": "false",
                            "route_table_id": "ocid1.routetable.oc1.iad.aaaaaaaaynzddbkccnsj7cfw7h24sy5zizboipv2wezezvfungd4cvfvmdnq",
                            "security_list_ids.#": "1",
                            "security_list_ids.3585699511": "ocid1.securitylist.oc1.iad.aaaaaaaay7ho3undqlvobysifjwm5yxursn7adpnc57wv2t3rixh35amia2q",
                            "state": "AVAILABLE",
                            "subnet_domain_name": "tfexamplesubnet.tfexamplevcn.oraclevcn.com",
                            "time_created": "2018-09-30 20:36:41.595 +0000 UTC",
                            "vcn_id": "ocid1.vcn.oc1.iad.aaaaaaaasd6yv36wuxnv4i36j2ap3emqfso5xvg5hoadk3fv6tzrilwpzaha",
                            "virtual_router_ip": "10.1.20.1",
                            "virtual_router_mac": "00:00:17:61:C4:31"
                        },
                        "meta": {
                            "e2bfb730-ecaa-11e6-8f88-34363bc7c4c0": {
                                "create": 900000000000,
                                "delete": 900000000000,
                                "update": 900000000000
                            }
                        },
                        "tainted": false
                    },
                    "deposed": [],
                    "provider": "provider.oci"
                },
                "oci_core_virtual_network.ExampleVCN": {
                    "type": "oci_core_virtual_network",
                    "depends_on": [],
                    "primary": {
                        "id": "ocid1.vcn.oc1.iad.aaaaaaaasd6yv36wuxnv4i36j2ap3emqfso5xvg5hoadk3fv6tzrilwpzaha",
                        "attributes": {
                            "cidr_block": "10.1.0.0/16",
                            "compartment_id": "ocid1.compartment.oc1..aaaaaaaa4qkenymfoumszv5gs2am6rsciozq7zvlirhmfw2riwuurv45cwua",
                            "default_dhcp_options_id": "ocid1.dhcpoptions.oc1.iad.aaaaaaaaz4n2okinuy3rnewxqf6z4ddhfydfbm24bhjw6ijr4jpowcpyjgfq",
                            "default_route_table_id": "ocid1.routetable.oc1.iad.aaaaaaaaa5urexay6dbq7sknxk5ph72cvwaq6u33dtvbjfjnjy2u4zi5qurq",
                            "default_security_list_id": "ocid1.securitylist.oc1.iad.aaaaaaaay7ho3undqlvobysifjwm5yxursn7adpnc57wv2t3rixh35amia2q",
                            "defined_tags.%": "0",
                            "display_name": "TFExampleVCN",
                            "dns_label": "tfexamplevcn",
                            "freeform_tags.%": "0",
                            "id": "ocid1.vcn.oc1.iad.aaaaaaaasd6yv36wuxnv4i36j2ap3emqfso5xvg5hoadk3fv6tzrilwpzaha",
                            "state": "AVAILABLE",
                            "time_created": "2018-09-30 20:36:39.807 +0000 UTC",
                            "vcn_domain_name": "tfexamplevcn.oraclevcn.com"
                        },
                        "meta": {
                            "e2bfb730-ecaa-11e6-8f88-34363bc7c4c0": {
                                "create": 900000000000,
                                "delete": 900000000000,
                                "update": 900000000000
                            }
                        },
                        "tainted": false
                    },
                    "deposed": [],
                    "provider": "provider.oci"
                }
            },
            "depends_on": []
        }
    ]
}
