{
    "version": 3,
    "terraform_version": "0.11.8",
    "serial": 8,
    "lineage": "8e4f4167-9428-e3bf-2eed-09ba070512de",
    "modules": [
        {
            "path": [
                "root"
            ],
            "outputs": {},
            "resources": {
                "data.oci_core_images.TFSupportedShapeImages": {
                    "type": "oci_core_images",
                    "depends_on": [],
                    "primary": {
                        "id": "",
                        "attributes": {},
                        "meta": {},
                        "tainted": false
                    },
                    "deposed": [],
                    "provider": "provider.oci"
                },
                "data.oci_identity_availability_domains.ADs": {
                    "type": "oci_identity_availability_domains",
                    "depends_on": [],
                    "primary": {
                        "id": "",
                        "attributes": {},
                        "meta": {},
                        "tainted": false
                    },
                    "deposed": [],
                    "provider": "provider.oci"
                },
                "oci_core_instance.PKInstance": {
                    "type": "oci_core_instance",
                    "depends_on": [
                        "oci_core_subnet.ExampleSubnet"
                    ],
                    "primary": {
                        "id": "ocid1.instance.oc1.iad.abuwcljtxefykp2rx3ylbsaupjmkb6zkkeidzg4o3efa33ckygkhw7s3vv4a",
                        "attributes": {
                            "availability_domain": "RNnO:US-ASHBURN-AD-1",
                            "boot_volume_id": "ocid1.bootvolume.oc1.iad.abuwcljtuhfx7ycpglhbqy3b7vpdslkddmx6nk6pebiserjjyw4a7vsmpoka",
                            "compartment_id": "ocid1.compartment.oc1..aaaaaaaa4qkenymfoumszv5gs2am6rsciozq7zvlirhmfw2riwuurv45cwua",
                            "create_vnic_details.#": "1",
                            "create_vnic_details.0.assign_public_ip": "true",
                            "create_vnic_details.0.defined_tags.%": "0",
                            "create_vnic_details.0.display_name": "primaryvnic",
                            "create_vnic_details.0.freeform_tags.%": "0",
                            "create_vnic_details.0.hostname_label": "tfexampleinstance",
                            "create_vnic_details.0.private_ip": "10.1.20.2",
                            "create_vnic_details.0.skip_source_dest_check": "false",
                            "create_vnic_details.0.subnet_id": "ocid1.subnet.oc1.iad.aaaaaaaa5xwfg22ljp42yjyjpmzul3iawc434szg462ffgfkg7gwjeji6aua",
                            "defined_tags.%": "0",
                            "display_name": "PKInstance",
                            "fault_domain": "FAULT-DOMAIN-2",
                            "freeform_tags.%": "0",
                            "hostname_label": "tfexampleinstance",
                            "id": "ocid1.instance.oc1.iad.abuwcljtxefykp2rx3ylbsaupjmkb6zkkeidzg4o3efa33ckygkhw7s3vv4a",
                            "image": "ocid1.image.oc1.iad.aaaaaaaaiu73xa6afjzskjwvt3j5shpmboxtlo7yw4xpeqpdz5czpde7px2a",
                            "launch_mode": "NATIVE",
                            "launch_options.#": "1",
                            "launch_options.0.boot_volume_type": "ISCSI",
                            "launch_options.0.firmware": "UEFI_64",
                            "launch_options.0.network_type": "VFIO",
                            "launch_options.0.remote_data_volume_type": "PARAVIRTUALIZED",
                            "metadata.%": "1",
                            "metadata.ssh_authorized_keys": "ssh-rsa AAAAB3NzaC1yc2EAAAADAQABAAABAQDG0ql5OG4ebaLZVzFDF5PiQ8vq2DMY241yPbrtisLmbK8rhq0V2jchRD8CkJzSu/kuIhHvpJEoLFlk7xMxaymvkvCh7DRr6+NK0efXrFq5D8qNy9H3rS/pCMQg3/P8IOTnBO+YP7JlcX93ohNDxYbdFxXaIRJj825yumMdzFf9D1vHVhquHxpnb+EfmPUp2aMtR+Xlw2iC64je3/5oMpvxpRZ2fbce72DXhW04goBk+kocG1hSgWtAYf/eLHN/zCgiXyLZB0MHY84qBl62xhwJLRxmcEduOYjEvtKcKMEQguQFli/rjeAM+8lnkk+PiH1Q9/dkDbgS1WK2VlqtVmm1 peter@PEKARLSS-SE",
                            "preserve_boot_volume": "true",
                            "private_ip": "10.1.20.2",
                            "public_ip": "132.145.160.185",
                            "region": "iad",
                            "shape": "VM.Standard1.1",
                            "source_details.#": "1",
                            "source_details.0.boot_volume_size_in_gbs": "",
                            "source_details.0.source_id": "ocid1.bootvolume.oc1.iad.abuwcljtuhfx7ycpglhbqy3b7vpdslkddmx6nk6pebiserjjyw4a7vsmpoka",
                            "source_details.0.source_type": "bootVolume",
                            "state": "RUNNING",
                            "subnet_id": "ocid1.subnet.oc1.iad.aaaaaaaa5xwfg22ljp42yjyjpmzul3iawc434szg462ffgfkg7gwjeji6aua",
                            "time_created": "2018-09-30 20:41:29.904 +0000 UTC"
                        },
                        "meta": {
                            "e2bfb730-ecaa-11e6-8f88-34363bc7c4c0": {
                                "create": 3600000000000,
                                "delete": 7200000000000,
                                "update": 7200000000000
                            }
                        },
                        "tainted": false
                    },
                    "deposed": [],
                    "provider": "provider.oci"
                },
                "oci_core_internet_gateway.ExampleIG": {
                    "type": "oci_core_internet_gateway",
                    "depends_on": [
                        "oci_core_virtual_network.ExampleVCN"
                    ],
                    "primary": {
                        "id": "ocid1.internetgateway.oc1.iad.aaaaaaaa4flfsucqtqkziv77jgspavrszurywejeverfhoxnh52qq6o7t2oq",
                        "attributes": {
                            "compartment_id": "ocid1.compartment.oc1..aaaaaaaa4qkenymfoumszv5gs2am6rsciozq7zvlirhmfw2riwuurv45cwua",
                            "defined_tags.%": "0",
                            "display_name": "TFExampleIG",
                            "enabled": "true",
                            "freeform_tags.%": "0",
                            "id": "ocid1.internetgateway.oc1.iad.aaaaaaaa4flfsucqtqkziv77jgspavrszurywejeverfhoxnh52qq6o7t2oq",
                            "state": "AVAILABLE",
                            "time_created": "2018-09-30 20:41:26.42 +0000 UTC",
                            "vcn_id": "ocid1.vcn.oc1.iad.aaaaaaaadzktlyetgevsolzy5omdlzt4qdsvvzwkkpn7c5jjdo3oigizlipq"
                        },
                        "meta": {
                            "e2bfb730-ecaa-11e6-8f88-34363bc7c4c0": {
                                "create": 900000000000,
                                "delete": 900000000000,
                                "update": 900000000000
                            }
                        },
                        "tainted": false
                    },
                    "deposed": [],
                    "provider": "provider.oci"
                },
                "oci_core_route_table.ExampleRT": {
                    "type": "oci_core_route_table",
                    "depends_on": [
                        "oci_core_internet_gateway.ExampleIG",
                        "oci_core_virtual_network.ExampleVCN"
                    ],
                    "primary": {
                        "id": "ocid1.routetable.oc1.iad.aaaaaaaalwqx3kw5gfrqwl25agqxlgmkcpyiny6e32rzpgna4pczzj6tq4ta",
                        "attributes": {
                            "compartment_id": "ocid1.compartment.oc1..aaaaaaaa4qkenymfoumszv5gs2am6rsciozq7zvlirhmfw2riwuurv45cwua",
                            "defined_tags.%": "0",
                            "display_name": "TFExampleRouteTable",
                            "freeform_tags.%": "0",
                            "id": "ocid1.routetable.oc1.iad.aaaaaaaalwqx3kw5gfrqwl25agqxlgmkcpyiny6e32rzpgna4pczzj6tq4ta",
                            "route_rules.#": "1",
                            "route_rules.3258968368.cidr_block": "0.0.0.0/0",
                            "route_rules.3258968368.destination": "0.0.0.0/0",
                            "route_rules.3258968368.destination_type": "CIDR_BLOCK",
                            "route_rules.3258968368.network_entity_id": "ocid1.internetgateway.oc1.iad.aaaaaaaa4flfsucqtqkziv77jgspavrszurywejeverfhoxnh52qq6o7t2oq",
                            "state": "AVAILABLE",
                            "time_created": "2018-09-30 20:41:27.33 +0000 UTC",
                            "vcn_id": "ocid1.vcn.oc1.iad.aaaaaaaadzktlyetgevsolzy5omdlzt4qdsvvzwkkpn7c5jjdo3oigizlipq"
                        },
                        "meta": {
                            "e2bfb730-ecaa-11e6-8f88-34363bc7c4c0": {
                                "create": 900000000000,
                                "delete": 900000000000,
                                "update": 900000000000
                            }
                        },
                        "tainted": false
                    },
                    "deposed": [],
                    "provider": "provider.oci"
                },
                "oci_core_subnet.ExampleSubnet": {
                    "type": "oci_core_subnet",
                    "depends_on": [
                        "oci_core_route_table.ExampleRT",
                        "oci_core_virtual_network.ExampleVCN"
                    ],
                    "primary": {
                        "id": "ocid1.subnet.oc1.iad.aaaaaaaa5xwfg22ljp42yjyjpmzul3iawc434szg462ffgfkg7gwjeji6aua",
                        "attributes": {
                            "availability_domain": "RNnO:US-ASHBURN-AD-1",
                            "cidr_block": "10.1.20.0/24",
                            "compartment_id": "ocid1.compartment.oc1..aaaaaaaa4qkenymfoumszv5gs2am6rsciozq7zvlirhmfw2riwuurv45cwua",
                            "defined_tags.%": "0",
                            "dhcp_options_id": "ocid1.dhcpoptions.oc1.iad.aaaaaaaaicpe6afkaq6wlxm3rlccxptl7efdfddxdcbahxfoa4uj3y4gwdmq",
                            "display_name": "TFExampleSubnet",
                            "dns_label": "tfexamplesubnet",
                            "freeform_tags.%": "0",
                            "id": "ocid1.subnet.oc1.iad.aaaaaaaa5xwfg22ljp42yjyjpmzul3iawc434szg462ffgfkg7gwjeji6aua",
                            "prohibit_public_ip_on_vnic": "false",
                            "route_table_id": "ocid1.routetable.oc1.iad.aaaaaaaalwqx3kw5gfrqwl25agqxlgmkcpyiny6e32rzpgna4pczzj6tq4ta",
                            "security_list_ids.#": "1",
                            "security_list_ids.3896563496": "ocid1.securitylist.oc1.iad.aaaaaaaavy5bmqrt2u3ia53ggf3ilpia2xbvkkc422l3x5iwe6mi6zzuokja",
                            "state": "AVAILABLE",
                            "subnet_domain_name": "tfexamplesubnet.tfexamplevcn.oraclevcn.com",
                            "time_created": "2018-09-30 20:41:27.914 +0000 UTC",
                            "vcn_id": "ocid1.vcn.oc1.iad.aaaaaaaadzktlyetgevsolzy5omdlzt4qdsvvzwkkpn7c5jjdo3oigizlipq",
                            "virtual_router_ip": "10.1.20.1",
                            "virtual_router_mac": "00:00:17:5C:E5:13"
                        },
                        "meta": {
                            "e2bfb730-ecaa-11e6-8f88-34363bc7c4c0": {
                                "create": 900000000000,
                                "delete": 900000000000,
                                "update": 900000000000
                            }
                        },
                        "tainted": false
                    },
                    "deposed": [],
                    "provider": "provider.oci"
                },
                "oci_core_virtual_network.ExampleVCN": {
                    "type": "oci_core_virtual_network",
                    "depends_on": [],
                    "primary": {
                        "id": "ocid1.vcn.oc1.iad.aaaaaaaadzktlyetgevsolzy5omdlzt4qdsvvzwkkpn7c5jjdo3oigizlipq",
                        "attributes": {
                            "cidr_block": "10.1.0.0/16",
                            "compartment_id": "ocid1.compartment.oc1..aaaaaaaa4qkenymfoumszv5gs2am6rsciozq7zvlirhmfw2riwuurv45cwua",
                            "default_dhcp_options_id": "ocid1.dhcpoptions.oc1.iad.aaaaaaaaicpe6afkaq6wlxm3rlccxptl7efdfddxdcbahxfoa4uj3y4gwdmq",
                            "default_route_table_id": "ocid1.routetable.oc1.iad.aaaaaaaatxnigqyvcrstgcfrs5v7p6rvdyawwfuxkej2d4piplyyxqibb6tq",
                            "default_security_list_id": "ocid1.securitylist.oc1.iad.aaaaaaaavy5bmqrt2u3ia53ggf3ilpia2xbvkkc422l3x5iwe6mi6zzuokja",
                            "defined_tags.%": "0",
                            "display_name": "TFExampleVCN",
                            "dns_label": "tfexamplevcn",
                            "freeform_tags.%": "0",
                            "id": "ocid1.vcn.oc1.iad.aaaaaaaadzktlyetgevsolzy5omdlzt4qdsvvzwkkpn7c5jjdo3oigizlipq",
                            "state": "AVAILABLE",
                            "time_created": "2018-09-30 20:41:25.747 +0000 UTC",
                            "vcn_domain_name": "tfexamplevcn.oraclevcn.com"
                        },
                        "meta": {
                            "e2bfb730-ecaa-11e6-8f88-34363bc7c4c0": {
                                "create": 900000000000,
                                "delete": 900000000000,
                                "update": 900000000000
                            }
                        },
                        "tainted": false
                    },
                    "deposed": [],
                    "provider": "provider.oci"
                }
            },
            "depends_on": []
        }
    ]
}
